{
  "name": "tanner-agent-standards",
  "version": "1.8.0",
  "lockfileVersion": 3,
  "requires": true,
  "packages": {
    "": {
      "name": "tanner-agent-standards",
      "version": "1.8.0",
      "license": "UNLICENSED",
      "bin": {
        "tanner-agent-standards": "bin/sync.mjs"
      }
    }
  }
}
